
Microsoft Visual Studio Solution File, Format Version 12.00
# Visual Studio 15
Project("{FAE04EC0-301F-11D3-BF4B-00C04F79EFBC}") = "Assembly-CSharp", "Assembly-CSharp.csproj", "{D5847E80-881E-921C-E5F2-685EEEF343FB}"
EndProject
Project("{FAE04EC0-301F-11D3-BF4B-00C04F79EFBC}") = "Assembly-CSharp-Editor", "Assembly-CSharp-Editor.csproj", "{824D8EF8-070A-F477-F2A6-4CCB2D0BD733}"
EndProject
Global
	GlobalSection(SolutionConfigurationPlatforms) = preSolution
		Debug|Any CPU = Debug|Any CPU
		Release|Any CPU = Release|Any CPU
	EndGlobalSection
	GlobalSection(ProjectConfigurationPlatforms) = postSolution
		{D5847E80-881E-921C-E5F2-685EEEF343FB}.Debug|Any CPU.ActiveCfg = Debug|Any CPU
		{D5847E80-881E-921C-E5F2-685EEEF343FB}.Debug|Any CPU.Build.0 = Debug|Any CPU
		{D5847E80-881E-921C-E5F2-685EEEF343FB}.Release|Any CPU.ActiveCfg = Release|Any CPU
		{D5847E80-881E-921C-E5F2-685EEEF343FB}.Release|Any CPU.Build.0 = Release|Any CPU
		{824D8EF8-070A-F477-F2A6-4CCB2D0BD733}.Debug|Any CPU.ActiveCfg = Debug|Any CPU
		{824D8EF8-070A-F477-F2A6-4CCB2D0BD733}.Debug|Any CPU.Build.0 = Debug|Any CPU
		{824D8EF8-070A-F477-F2A6-4CCB2D0BD733}.Release|Any CPU.ActiveCfg = Release|Any CPU
		{824D8EF8-070A-F477-F2A6-4CCB2D0BD733}.Release|Any CPU.Build.0 = Release|Any CPU
	EndGlobalSection
	GlobalSection(SolutionProperties) = preSolution
		HideSolutionNode = FALSE
	EndGlobalSection
EndGlobal
